{
  "object": {
    "pins": [
      {
        "package": "Alamofire",
        "repositoryURL": "https://github.com/Alamofire/Alamofire.git",
        "state": {
          "branch": null,
          "revision": "f82c23a8a7ef8dc1a49a8bfc6a96883e79121864",
          "version": "5.5.0"
        }
      },
      {
        "package": "BetterSafariView",
        "repositoryURL": "https://github.com/stleamist/BetterSafariView",
        "state": {
          "branch": null,
          "revision": "be7248720af18c57c7a1348b20f6212379b28c6b",
          "version": "2.4.0"
        }
      },
      {
        "package": "CocoaLumberjack",
        "repositoryURL": "https://github.com/CocoaLumberjack/CocoaLumberjack",
        "state": {
          "branch": null,
          "revision": "80ada1f753b0d53d9b57c465936a7c4169375002",
          "version": "3.7.4"
        }
      },
      {
        "package": "KeychainAccess",
        "repositoryURL": "https://github.com/kishikawakatsumi/KeychainAccess.git",
        "state": {
          "branch": null,
          "revision": "84e546727d66f1adc5439debad16270d0fdd04e7",
          "version": "4.2.2"
        }
      },
      {
        "package": "SplatNet2",
        "repositoryURL": "https://github.com/tkgstrator/SplatNet2.git",
        "state": {
          "branch": null,
          "revision": "430574bce22a4ce153fe6050dfd99f2529146233",
          "version": "0.0.1"
        }
      },
      {
        "package": "swift-log",
        "repositoryURL": "https://github.com/apple/swift-log.git",
        "state": {
          "branch": null,
          "revision": "5d66f7ba25daf4f94100e7022febf3c75e37a6c7",
          "version": "1.4.2"
        }
      },
      {
        "package": "CodableDictionary",
        "repositoryURL": "https://github.com/YOCKOW/SwiftCodableDictionary.git",
        "state": {
          "branch": null,
          "revision": "0f09cec3062dfacc4e91f22753126c3ecbc28252",
          "version": "1.0.1"
        }
      }
    ]
  },
  "version": 1
}
