{
  "object": {
    "pins": [
      {
        "package": "Alamofire",
        "repositoryURL": "https://github.com/Alamofire/Alamofire.git",
        "state": {
          "branch": null,
          "revision": "d120af1e8638c7da36c8481fd61a66c0c08dc4fc",
          "version": "5.4.4"
        }
      },
      {
        "package": "BetterSafariView",
        "repositoryURL": "https://github.com/stleamist/BetterSafariView",
        "state": {
          "branch": null,
          "revision": "be7248720af18c57c7a1348b20f6212379b28c6b",
          "version": "2.4.0"
        }
      },
      {
        "package": "KeychainAccess",
        "repositoryURL": "https://github.com/kishikawakatsumi/KeychainAccess.git",
        "state": {
          "branch": null,
          "revision": "84e546727d66f1adc5439debad16270d0fdd04e7",
          "version": "4.2.2"
        }
      },
      {
        "package": "SplatNet2",
        "repositoryURL": "/Users/devonly/Developer/SplatNet2",
        "state": {
          "branch": "hash",
          "revision": "7cfc43ef467061cd11a8a74debc7db6ca3d5f5a2",
          "version": null
        }
      },
      {
        "package": "CodableDictionary",
        "repositoryURL": "https://github.com/YOCKOW/SwiftCodableDictionary.git",
        "state": {
          "branch": null,
          "revision": "0f09cec3062dfacc4e91f22753126c3ecbc28252",
          "version": "1.0.1"
        }
      },
      {
        "package": "SwiftyJSON",
        "repositoryURL": "https://github.com/SwiftyJSON/SwiftyJSON.git",
        "state": {
          "branch": null,
          "revision": "b3dcd7dbd0d488e1a7077cb33b00f2083e382f07",
          "version": "5.0.1"
        }
      }
    ]
  },
  "version": 1
}
