// !$*UTF8*$!
{
	archiveVersion = 1;
	classes = {
	};
	objectVersion = 52;
	objects = {

/* Begin PBXBuildFile section */
		105973FD26266D5100DA932E /* SalmonStatsDemoApp.swift in Sources */ = {isa = PBXBuildFile; fileRef = 105973FC26266D5100DA932E /* SalmonStatsDemoApp.swift */; };
		105973FF26266D5100DA932E /* ContentView.swift in Sources */ = {isa = PBXBuildFile; fileRef = 105973FE26266D5100DA932E /* ContentView.swift */; };
		1059740126266D5300DA932E /* Assets.xcassets in Resources */ = {isa = PBXBuildFile; fileRef = 1059740026266D5300DA932E /* Assets.xcassets */; };
		1059740426266D5300DA932E /* Preview Assets.xcassets in Resources */ = {isa = PBXBuildFile; fileRef = 1059740326266D5300DA932E /* Preview Assets.xcassets */; };
		1059740F26266D5300DA932E /* SalmonStatsDemoTests.swift in Sources */ = {isa = PBXBuildFile; fileRef = 1059740E26266D5300DA932E /* SalmonStatsDemoTests.swift */; };
		1059741A26266D5300DA932E /* SalmonStatsDemoUITests.swift in Sources */ = {isa = PBXBuildFile; fileRef = 1059741926266D5300DA932E /* SalmonStatsDemoUITests.swift */; };
		105974562626782D00DA932E /* SalmonStats in Frameworks */ = {isa = PBXBuildFile; productRef = 105974552626782D00DA932E /* SalmonStats */; };
		10834C562656875A00DAA7B9 /* BetterSafariView in Frameworks */ = {isa = PBXBuildFile; productRef = 10834C552656875A00DAA7B9 /* BetterSafariView */; };
/* End PBXBuildFile section */

/* Begin PBXContainerItemProxy section */
		1059740B26266D5300DA932E /* PBXContainerItemProxy */ = {
			isa = PBXContainerItemProxy;
			containerPortal = 105973F126266D5100DA932E /* Project object */;
			proxyType = 1;
			remoteGlobalIDString = 105973F826266D5100DA932E;
			remoteInfo = SalmonStatsDemo;
		};
		1059741626266D5300DA932E /* PBXContainerItemProxy */ = {
			isa = PBXContainerItemProxy;
			containerPortal = 105973F126266D5100DA932E /* Project object */;
			proxyType = 1;
			remoteGlobalIDString = 105973F826266D5100DA932E;
			remoteInfo = SalmonStatsDemo;
		};
/* End PBXContainerItemProxy section */

/* Begin PBXFileReference section */
		105973F926266D5100DA932E /* SalmonStatsDemo.app */ = {isa = PBXFileReference; explicitFileType = wrapper.application; includeInIndex = 0; path = SalmonStatsDemo.app; sourceTree = BUILT_PRODUCTS_DIR; };
		105973FC26266D5100DA932E /* SalmonStatsDemoApp.swift */ = {isa = PBXFileReference; lastKnownFileType = sourcecode.swift; path = SalmonStatsDemoApp.swift; sourceTree = "<group>"; };
		105973FE26266D5100DA932E /* ContentView.swift */ = {isa = PBXFileReference; lastKnownFileType = sourcecode.swift; path = ContentView.swift; sourceTree = "<group>"; };
		1059740026266D5300DA932E /* Assets.xcassets */ = {isa = PBXFileReference; lastKnownFileType = folder.assetcatalog; path = Assets.xcassets; sourceTree = "<group>"; };
		1059740326266D5300DA932E /* Preview Assets.xcassets */ = {isa = PBXFileReference; lastKnownFileType = folder.assetcatalog; path = "Preview Assets.xcassets"; sourceTree = "<group>"; };
		1059740526266D5300DA932E /* Info.plist */ = {isa = PBXFileReference; lastKnownFileType = text.plist.xml; path = Info.plist; sourceTree = "<group>"; };
		1059740A26266D5300DA932E /* SalmonStatsDemoTests.xctest */ = {isa = PBXFileReference; explicitFileType = wrapper.cfbundle; includeInIndex = 0; path = SalmonStatsDemoTests.xctest; sourceTree = BUILT_PRODUCTS_DIR; };
		1059740E26266D5300DA932E /* SalmonStatsDemoTests.swift */ = {isa = PBXFileReference; lastKnownFileType = sourcecode.swift; path = SalmonStatsDemoTests.swift; sourceTree = "<group>"; };
		1059741026266D5300DA932E /* Info.plist */ = {isa = PBXFileReference; lastKnownFileType = text.plist.xml; path = Info.plist; sourceTree = "<group>"; };
		1059741526266D5300DA932E /* SalmonStatsDemoUITests.xctest */ = {isa = PBXFileReference; explicitFileType = wrapper.cfbundle; includeInIndex = 0; path = SalmonStatsDemoUITests.xctest; sourceTree = BUILT_PRODUCTS_DIR; };
		1059741926266D5300DA932E /* SalmonStatsDemoUITests.swift */ = {isa = PBXFileReference; lastKnownFileType = sourcecode.swift; path = SalmonStatsDemoUITests.swift; sourceTree = "<group>"; };
		1059741B26266D5300DA932E /* Info.plist */ = {isa = PBXFileReference; lastKnownFileType = text.plist.xml; path = Info.plist; sourceTree = "<group>"; };
		1059745026266F5100DA932E /* SalmonStats */ = {isa = PBXFileReference; lastKnownFileType = folder; name = SalmonStats; path = ..; sourceTree = "<group>"; };
/* End PBXFileReference section */

/* Begin PBXFrameworksBuildPhase section */
		105973F626266D5100DA932E /* Frameworks */ = {
			isa = PBXFrameworksBuildPhase;
			buildActionMask = 2147483647;
			files = (
				105974562626782D00DA932E /* SalmonStats in Frameworks */,
				10834C562656875A00DAA7B9 /* BetterSafariView in Frameworks */,
			);
			runOnlyForDeploymentPostprocessing = 0;
		};
		1059740726266D5300DA932E /* Frameworks */ = {
			isa = PBXFrameworksBuildPhase;
			buildActionMask = 2147483647;
			files = (
			);
			runOnlyForDeploymentPostprocessing = 0;
		};
		1059741226266D5300DA932E /* Frameworks */ = {
			isa = PBXFrameworksBuildPhase;
			buildActionMask = 2147483647;
			files = (
			);
			runOnlyForDeploymentPostprocessing = 0;
		};
/* End PBXFrameworksBuildPhase section */

/* Begin PBXGroup section */
		105973F026266D5100DA932E = {
			isa = PBXGroup;
			children = (
				1059745026266F5100DA932E /* SalmonStats */,
				105973FB26266D5100DA932E /* SalmonStatsDemo */,
				1059740D26266D5300DA932E /* SalmonStatsDemoTests */,
				1059741826266D5300DA932E /* SalmonStatsDemoUITests */,
				105973FA26266D5100DA932E /* Products */,
				105974542626782D00DA932E /* Frameworks */,
			);
			sourceTree = "<group>";
		};
		105973FA26266D5100DA932E /* Products */ = {
			isa = PBXGroup;
			children = (
				105973F926266D5100DA932E /* SalmonStatsDemo.app */,
				1059740A26266D5300DA932E /* SalmonStatsDemoTests.xctest */,
				1059741526266D5300DA932E /* SalmonStatsDemoUITests.xctest */,
			);
			name = Products;
			sourceTree = "<group>";
		};
		105973FB26266D5100DA932E /* SalmonStatsDemo */ = {
			isa = PBXGroup;
			children = (
				105973FC26266D5100DA932E /* SalmonStatsDemoApp.swift */,
				105973FE26266D5100DA932E /* ContentView.swift */,
				1059740026266D5300DA932E /* Assets.xcassets */,
				1059740526266D5300DA932E /* Info.plist */,
				1059740226266D5300DA932E /* Preview Content */,
			);
			path = SalmonStatsDemo;
			sourceTree = "<group>";
		};
		1059740226266D5300DA932E /* Preview Content */ = {
			isa = PBXGroup;
			children = (
				1059740326266D5300DA932E /* Preview Assets.xcassets */,
			);
			path = "Preview Content";
			sourceTree = "<group>";
		};
		1059740D26266D5300DA932E /* SalmonStatsDemoTests */ = {
			isa = PBXGroup;
			children = (
				1059740E26266D5300DA932E /* SalmonStatsDemoTests.swift */,
				1059741026266D5300DA932E /* Info.plist */,
			);
			path = SalmonStatsDemoTests;
			sourceTree = "<group>";
		};
		1059741826266D5300DA932E /* SalmonStatsDemoUITests */ = {
			isa = PBXGroup;
			children = (
				1059741926266D5300DA932E /* SalmonStatsDemoUITests.swift */,
				1059741B26266D5300DA932E /* Info.plist */,
			);
			path = SalmonStatsDemoUITests;
			sourceTree = "<group>";
		};
		105974542626782D00DA932E /* Frameworks */ = {
			isa = PBXGroup;
			children = (
			);
			name = Frameworks;
			sourceTree = "<group>";
		};
/* End PBXGroup section */

/* Begin PBXNativeTarget section */
		105973F826266D5100DA932E /* SalmonStatsDemo */ = {
			isa = PBXNativeTarget;
			buildConfigurationList = 1059741E26266D5300DA932E /* Build configuration list for PBXNativeTarget "SalmonStatsDemo" */;
			buildPhases = (
				105973F526266D5100DA932E /* Sources */,
				105973F626266D5100DA932E /* Frameworks */,
				105973F726266D5100DA932E /* Resources */,
			);
			buildRules = (
			);
			dependencies = (
			);
			name = SalmonStatsDemo;
			packageProductDependencies = (
				105974552626782D00DA932E /* SalmonStats */,
				10834C552656875A00DAA7B9 /* BetterSafariView */,
			);
			productName = SalmonStatsDemo;
			productReference = 105973F926266D5100DA932E /* SalmonStatsDemo.app */;
			productType = "com.apple.product-type.application";
		};
		1059740926266D5300DA932E /* SalmonStatsDemoTests */ = {
			isa = PBXNativeTarget;
			buildConfigurationList = 1059742126266D5300DA932E /* Build configuration list for PBXNativeTarget "SalmonStatsDemoTests" */;
			buildPhases = (
				1059740626266D5300DA932E /* Sources */,
				1059740726266D5300DA932E /* Frameworks */,
				1059740826266D5300DA932E /* Resources */,
			);
			buildRules = (
			);
			dependencies = (
				1059740C26266D5300DA932E /* PBXTargetDependency */,
			);
			name = SalmonStatsDemoTests;
			productName = SalmonStatsDemoTests;
			productReference = 1059740A26266D5300DA932E /* SalmonStatsDemoTests.xctest */;
			productType = "com.apple.product-type.bundle.unit-test";
		};
		1059741426266D5300DA932E /* SalmonStatsDemoUITests */ = {
			isa = PBXNativeTarget;
			buildConfigurationList = 1059742426266D5300DA932E /* Build configuration list for PBXNativeTarget "SalmonStatsDemoUITests" */;
			buildPhases = (
				1059741126266D5300DA932E /* Sources */,
				1059741226266D5300DA932E /* Frameworks */,
				1059741326266D5300DA932E /* Resources */,
			);
			buildRules = (
			);
			dependencies = (
				1059741726266D5300DA932E /* PBXTargetDependency */,
			);
			name = SalmonStatsDemoUITests;
			productName = SalmonStatsDemoUITests;
			productReference = 1059741526266D5300DA932E /* SalmonStatsDemoUITests.xctest */;
			productType = "com.apple.product-type.bundle.ui-testing";
		};
/* End PBXNativeTarget section */

/* Begin PBXProject section */
		105973F126266D5100DA932E /* Project object */ = {
			isa = PBXProject;
			attributes = {
				LastSwiftUpdateCheck = 1240;
				LastUpgradeCheck = 1240;
				TargetAttributes = {
					105973F826266D5100DA932E = {
						CreatedOnToolsVersion = 12.4;
					};
					1059740926266D5300DA932E = {
						CreatedOnToolsVersion = 12.4;
						TestTargetID = 105973F826266D5100DA932E;
					};
					1059741426266D5300DA932E = {
						CreatedOnToolsVersion = 12.4;
						TestTargetID = 105973F826266D5100DA932E;
					};
				};
			};
			buildConfigurationList = 105973F426266D5100DA932E /* Build configuration list for PBXProject "SalmonStatsDemo" */;
			compatibilityVersion = "Xcode 9.3";
			developmentRegion = en;
			hasScannedForEncodings = 0;
			knownRegions = (
				en,
				Base,
			);
			mainGroup = 105973F026266D5100DA932E;
			packageReferences = (
				10834C542656875A00DAA7B9 /* XCRemoteSwiftPackageReference "BetterSafariView" */,
			);
			productRefGroup = 105973FA26266D5100DA932E /* Products */;
			projectDirPath = "";
			projectRoot = "";
			targets = (
				105973F826266D5100DA932E /* SalmonStatsDemo */,
				1059740926266D5300DA932E /* SalmonStatsDemoTests */,
				1059741426266D5300DA932E /* SalmonStatsDemoUITests */,
			);
		};
/* End PBXProject section */

/* Begin PBXResourcesBuildPhase section */
		105973F726266D5100DA932E /* Resources */ = {
			isa = PBXResourcesBuildPhase;
			buildActionMask = 2147483647;
			files = (
				1059740426266D5300DA932E /* Preview Assets.xcassets in Resources */,
				1059740126266D5300DA932E /* Assets.xcassets in Resources */,
			);
			runOnlyForDeploymentPostprocessing = 0;
		};
		1059740826266D5300DA932E /* Resources */ = {
			isa = PBXResourcesBuildPhase;
			buildActionMask = 2147483647;
			files = (
			);
			runOnlyForDeploymentPostprocessing = 0;
		};
		1059741326266D5300DA932E /* Resources */ = {
			isa = PBXResourcesBuildPhase;
			buildActionMask = 2147483647;
			files = (
			);
			runOnlyForDeploymentPostprocessing = 0;
		};
/* End PBXResourcesBuildPhase section */

/* Begin PBXSourcesBuildPhase section */
		105973F526266D5100DA932E /* Sources */ = {
			isa = PBXSourcesBuildPhase;
			buildActionMask = 2147483647;
			files = (
				105973FF26266D5100DA932E /* ContentView.swift in Sources */,
				105973FD26266D5100DA932E /* SalmonStatsDemoApp.swift in Sources */,
			);
			runOnlyForDeploymentPostprocessing = 0;
		};
		1059740626266D5300DA932E /* Sources */ = {
			isa = PBXSourcesBuildPhase;
			buildActionMask = 2147483647;
			files = (
				1059740F26266D5300DA932E /* SalmonStatsDemoTests.swift in Sources */,
			);
			runOnlyForDeploymentPostprocessing = 0;
		};
		1059741126266D5300DA932E /* Sources */ = {
			isa = PBXSourcesBuildPhase;
			buildActionMask = 2147483647;
			files = (
				1059741A26266D5300DA932E /* SalmonStatsDemoUITests.swift in Sources */,
			);
			runOnlyForDeploymentPostprocessing = 0;
		};
/* End PBXSourcesBuildPhase section */

/* Begin PBXTargetDependency section */
		1059740C26266D5300DA932E /* PBXTargetDependency */ = {
			isa = PBXTargetDependency;
			target = 105973F826266D5100DA932E /* SalmonStatsDemo */;
			targetProxy = 1059740B26266D5300DA932E /* PBXContainerItemProxy */;
		};
		1059741726266D5300DA932E /* PBXTargetDependency */ = {
			isa = PBXTargetDependency;
			target = 105973F826266D5100DA932E /* SalmonStatsDemo */;
			targetProxy = 1059741626266D5300DA932E /* PBXContainerItemProxy */;
		};
/* End PBXTargetDependency section */

/* Begin XCBuildConfiguration section */
		1059741C26266D5300DA932E /* Debug */ = {
			isa = XCBuildConfiguration;
			buildSettings = {
				ALWAYS_SEARCH_USER_PATHS = NO;
				CLANG_ANALYZER_NONNULL = YES;
				CLANG_ANALYZER_NUMBER_OBJECT_CONVERSION = YES_AGGRESSIVE;
				CLANG_CXX_LANGUAGE_STANDARD = "gnu++14";
				CLANG_CXX_LIBRARY = "libc++";
				CLANG_ENABLE_MODULES = YES;
				CLANG_ENABLE_OBJC_ARC = YES;
				CLANG_ENABLE_OBJC_WEAK = YES;
				CLANG_WARN_BLOCK_CAPTURE_AUTORELEASING = YES;
				CLANG_WARN_BOOL_CONVERSION = YES;
				CLANG_WARN_COMMA = YES;
				CLANG_WARN_CONSTANT_CONVERSION = YES;
				CLANG_WARN_DEPRECATED_OBJC_IMPLEMENTATIONS = YES;
				CLANG_WARN_DIRECT_OBJC_ISA_USAGE = YES_ERROR;
				CLANG_WARN_DOCUMENTATION_COMMENTS = YES;
				CLANG_WARN_EMPTY_BODY = YES;
				CLANG_WARN_ENUM_CONVERSION = YES;
				CLANG_WARN_INFINITE_RECURSION = YES;
				CLANG_WARN_INT_CONVERSION = YES;
				CLANG_WARN_NON_LITERAL_NULL_CONVERSION = YES;
				CLANG_WARN_OBJC_IMPLICIT_RETAIN_SELF = YES;
				CLANG_WARN_OBJC_LITERAL_CONVERSION = YES;
				CLANG_WARN_OBJC_ROOT_CLASS = YES_ERROR;
				CLANG_WARN_QUOTED_INCLUDE_IN_FRAMEWORK_HEADER = YES;
				CLANG_WARN_RANGE_LOOP_ANALYSIS = YES;
				CLANG_WARN_STRICT_PROTOTYPES = YES;
				CLANG_WARN_SUSPICIOUS_MOVE = YES;
				CLANG_WARN_UNGUARDED_AVAILABILITY = YES_AGGRESSIVE;
				CLANG_WARN_UNREACHABLE_CODE = YES;
				CLANG_WARN__DUPLICATE_METHOD_MATCH = YES;
				COPY_PHASE_STRIP = NO;
				DEBUG_INFORMATION_FORMAT = dwarf;
				ENABLE_STRICT_OBJC_MSGSEND = YES;
				ENABLE_TESTABILITY = YES;
				GCC_C_LANGUAGE_STANDARD = gnu11;
				GCC_DYNAMIC_NO_PIC = NO;
				GCC_NO_COMMON_BLOCKS = YES;
				GCC_OPTIMIZATION_LEVEL = 0;
				GCC_PREPROCESSOR_DEFINITIONS = (
					"DEBUG=1",
					"$(inherited)",
				);
				GCC_WARN_64_TO_32_BIT_CONVERSION = YES;
				GCC_WARN_ABOUT_RETURN_TYPE = YES_ERROR;
				GCC_WARN_UNDECLARED_SELECTOR = YES;
				GCC_WARN_UNINITIALIZED_AUTOS = YES_AGGRESSIVE;
				GCC_WARN_UNUSED_FUNCTION = YES;
				GCC_WARN_UNUSED_VARIABLE = YES;
				IPHONEOS_DEPLOYMENT_TARGET = 14.4;
				MTL_ENABLE_DEBUG_INFO = INCLUDE_SOURCE;
				MTL_FAST_MATH = YES;
				ONLY_ACTIVE_ARCH = YES;
				SDKROOT = iphoneos;
				SWIFT_ACTIVE_COMPILATION_CONDITIONS = DEBUG;
				SWIFT_OPTIMIZATION_LEVEL = "-Onone";
			};
			name = Debug;
		};
		1059741D26266D5300DA932E /* Release */ = {
			isa = XCBuildConfiguration;
			buildSettings = {
				ALWAYS_SEARCH_USER_PATHS = NO;
				CLANG_ANALYZER_NONNULL = YES;
				CLANG_ANALYZER_NUMBER_OBJECT_CONVERSION = YES_AGGRESSIVE;
				CLANG_CXX_LANGUAGE_STANDARD = "gnu++14";
				CLANG_CXX_LIBRARY = "libc++";
				CLANG_ENABLE_MODULES = YES;
				CLANG_ENABLE_OBJC_ARC = YES;
				CLANG_ENABLE_OBJC_WEAK = YES;
				CLANG_WARN_BLOCK_CAPTURE_AUTORELEASING = YES;
				CLANG_WARN_BOOL_CONVERSION = YES;
				CLANG_WARN_COMMA = YES;
				CLANG_WARN_CONSTANT_CONVERSION = YES;
				CLANG_WARN_DEPRECATED_OBJC_IMPLEMENTATIONS = YES;
				CLANG_WARN_DIRECT_OBJC_ISA_USAGE = YES_ERROR;
				CLANG_WARN_DOCUMENTATION_COMMENTS = YES;
				CLANG_WARN_EMPTY_BODY = YES;
				CLANG_WARN_ENUM_CONVERSION = YES;
				CLANG_WARN_INFINITE_RECURSION = YES;
				CLANG_WARN_INT_CONVERSION = YES;
				CLANG_WARN_NON_LITERAL_NULL_CONVERSION = YES;
				CLANG_WARN_OBJC_IMPLICIT_RETAIN_SELF = YES;
				CLANG_WARN_OBJC_LITERAL_CONVERSION = YES;
				CLANG_WARN_OBJC_ROOT_CLASS = YES_ERROR;
				CLANG_WARN_QUOTED_INCLUDE_IN_FRAMEWORK_HEADER = YES;
				CLANG_WARN_RANGE_LOOP_ANALYSIS = YES;
				CLANG_WARN_STRICT_PROTOTYPES = YES;
				CLANG_WARN_SUSPICIOUS_MOVE = YES;
				CLANG_WARN_UNGUARDED_AVAILABILITY = YES_AGGRESSIVE;
				CLANG_WARN_UNREACHABLE_CODE = YES;
				CLANG_WARN__DUPLICATE_METHOD_MATCH = YES;
				COPY_PHASE_STRIP = NO;
				DEBUG_INFORMATION_FORMAT = "dwarf-with-dsym";
				ENABLE_NS_ASSERTIONS = NO;
				ENABLE_STRICT_OBJC_MSGSEND = YES;
				GCC_C_LANGUAGE_STANDARD = gnu11;
				GCC_NO_COMMON_BLOCKS = YES;
				GCC_WARN_64_TO_32_BIT_CONVERSION = YES;
				GCC_WARN_ABOUT_RETURN_TYPE = YES_ERROR;
				GCC_WARN_UNDECLARED_SELECTOR = YES;
				GCC_WARN_UNINITIALIZED_AUTOS = YES_AGGRESSIVE;
				GCC_WARN_UNUSED_FUNCTION = YES;
				GCC_WARN_UNUSED_VARIABLE = YES;
				IPHONEOS_DEPLOYMENT_TARGET = 14.4;
				MTL_ENABLE_DEBUG_INFO = NO;
				MTL_FAST_MATH = YES;
				SDKROOT = iphoneos;
				SWIFT_COMPILATION_MODE = wholemodule;
				SWIFT_OPTIMIZATION_LEVEL = "-O";
				VALIDATE_PRODUCT = YES;
			};
			name = Release;
		};
		1059741F26266D5300DA932E /* Debug */ = {
			isa = XCBuildConfiguration;
			buildSettings = {
				ASSETCATALOG_COMPILER_APPICON_NAME = AppIcon;
				ASSETCATALOG_COMPILER_GLOBAL_ACCENT_COLOR_NAME = AccentColor;
				CODE_SIGN_STYLE = Automatic;
				DEVELOPMENT_ASSET_PATHS = "\"SalmonStatsDemo/Preview Content\"";
				DEVELOPMENT_TEAM = "";
				ENABLE_PREVIEWS = YES;
				INFOPLIST_FILE = SalmonStatsDemo/Info.plist;
				IPHONEOS_DEPLOYMENT_TARGET = 14.0;
				LD_RUNPATH_SEARCH_PATHS = (
					"$(inherited)",
					"@executable_path/Frameworks",
				);
				PRODUCT_BUNDLE_IDENTIFIER = work.tkgstrator.SalmonStatsDemo;
				PRODUCT_NAME = "$(TARGET_NAME)";
				SWIFT_VERSION = 5.0;
				TARGETED_DEVICE_FAMILY = "1,2";
			};
			name = Debug;
		};
		1059742026266D5300DA932E /* Release */ = {
			isa = XCBuildConfiguration;
			buildSettings = {
				ASSETCATALOG_COMPILER_APPICON_NAME = AppIcon;
				ASSETCATALOG_COMPILER_GLOBAL_ACCENT_COLOR_NAME = AccentColor;
				CODE_SIGN_STYLE = Automatic;
				DEVELOPMENT_ASSET_PATHS = "\"SalmonStatsDemo/Preview Content\"";
				DEVELOPMENT_TEAM = "";
				ENABLE_PREVIEWS = YES;
				INFOPLIST_FILE = SalmonStatsDemo/Info.plist;
				IPHONEOS_DEPLOYMENT_TARGET = 14.0;
				LD_RUNPATH_SEARCH_PATHS = (
					"$(inherited)",
					"@executable_path/Frameworks",
				);
				PRODUCT_BUNDLE_IDENTIFIER = work.tkgstrator.SalmonStatsDemo;
				PRODUCT_NAME = "$(TARGET_NAME)";
				SWIFT_VERSION = 5.0;
				TARGETED_DEVICE_FAMILY = "1,2";
			};
			name = Release;
		};
		1059742226266D5300DA932E /* Debug */ = {
			isa = XCBuildConfiguration;
			buildSettings = {
				ALWAYS_EMBED_SWIFT_STANDARD_LIBRARIES = YES;
				BUNDLE_LOADER = "$(TEST_HOST)";
				CODE_SIGN_STYLE = Automatic;
				INFOPLIST_FILE = SalmonStatsDemoTests/Info.plist;
				IPHONEOS_DEPLOYMENT_TARGET = 14.0;
				LD_RUNPATH_SEARCH_PATHS = (
					"$(inherited)",
					"@executable_path/Frameworks",
					"@loader_path/Frameworks",
				);
				PRODUCT_BUNDLE_IDENTIFIER = work.tkgstrator.SalmonStatsDemoTests;
				PRODUCT_NAME = "$(TARGET_NAME)";
				SWIFT_VERSION = 5.0;
				TARGETED_DEVICE_FAMILY = "1,2";
				TEST_HOST = "$(BUILT_PRODUCTS_DIR)/SalmonStatsDemo.app/SalmonStatsDemo";
			};
			name = Debug;
		};
		1059742326266D5300DA932E /* Release */ = {
			isa = XCBuildConfiguration;
			buildSettings = {
				ALWAYS_EMBED_SWIFT_STANDARD_LIBRARIES = YES;
				BUNDLE_LOADER = "$(TEST_HOST)";
				CODE_SIGN_STYLE = Automatic;
				INFOPLIST_FILE = SalmonStatsDemoTests/Info.plist;
				IPHONEOS_DEPLOYMENT_TARGET = 14.0;
				LD_RUNPATH_SEARCH_PATHS = (
					"$(inherited)",
					"@executable_path/Frameworks",
					"@loader_path/Frameworks",
				);
				PRODUCT_BUNDLE_IDENTIFIER = work.tkgstrator.SalmonStatsDemoTests;
				PRODUCT_NAME = "$(TARGET_NAME)";
				SWIFT_VERSION = 5.0;
				TARGETED_DEVICE_FAMILY = "1,2";
				TEST_HOST = "$(BUILT_PRODUCTS_DIR)/SalmonStatsDemo.app/SalmonStatsDemo";
			};
			name = Release;
		};
		1059742526266D5300DA932E /* Debug */ = {
			isa = XCBuildConfiguration;
			buildSettings = {
				ALWAYS_EMBED_SWIFT_STANDARD_LIBRARIES = YES;
				CODE_SIGN_STYLE = Automatic;
				INFOPLIST_FILE = SalmonStatsDemoUITests/Info.plist;
				LD_RUNPATH_SEARCH_PATHS = (
					"$(inherited)",
					"@executable_path/Frameworks",
					"@loader_path/Frameworks",
				);
				PRODUCT_BUNDLE_IDENTIFIER = work.tkgstrator.SalmonStatsDemoUITests;
				PRODUCT_NAME = "$(TARGET_NAME)";
				SWIFT_VERSION = 5.0;
				TARGETED_DEVICE_FAMILY = "1,2";
				TEST_TARGET_NAME = SalmonStatsDemo;
			};
			name = Debug;
		};
		1059742626266D5300DA932E /* Release */ = {
			isa = XCBuildConfiguration;
			buildSettings = {
				ALWAYS_EMBED_SWIFT_STANDARD_LIBRARIES = YES;
				CODE_SIGN_STYLE = Automatic;
				INFOPLIST_FILE = SalmonStatsDemoUITests/Info.plist;
				LD_RUNPATH_SEARCH_PATHS = (
					"$(inherited)",
					"@executable_path/Frameworks",
					"@loader_path/Frameworks",
				);
				PRODUCT_BUNDLE_IDENTIFIER = work.tkgstrator.SalmonStatsDemoUITests;
				PRODUCT_NAME = "$(TARGET_NAME)";
				SWIFT_VERSION = 5.0;
				TARGETED_DEVICE_FAMILY = "1,2";
				TEST_TARGET_NAME = SalmonStatsDemo;
			};
			name = Release;
		};
/* End XCBuildConfiguration section */

/* Begin XCConfigurationList section */
		105973F426266D5100DA932E /* Build configuration list for PBXProject "SalmonStatsDemo" */ = {
			isa = XCConfigurationList;
			buildConfigurations = (
				1059741C26266D5300DA932E /* Debug */,
				1059741D26266D5300DA932E /* Release */,
			);
			defaultConfigurationIsVisible = 0;
			defaultConfigurationName = Release;
		};
		1059741E26266D5300DA932E /* Build configuration list for PBXNativeTarget "SalmonStatsDemo" */ = {
			isa = XCConfigurationList;
			buildConfigurations = (
				1059741F26266D5300DA932E /* Debug */,
				1059742026266D5300DA932E /* Release */,
			);
			defaultConfigurationIsVisible = 0;
			defaultConfigurationName = Release;
		};
		1059742126266D5300DA932E /* Build configuration list for PBXNativeTarget "SalmonStatsDemoTests" */ = {
			isa = XCConfigurationList;
			buildConfigurations = (
				1059742226266D5300DA932E /* Debug */,
				1059742326266D5300DA932E /* Release */,
			);
			defaultConfigurationIsVisible = 0;
			defaultConfigurationName = Release;
		};
		1059742426266D5300DA932E /* Build configuration list for PBXNativeTarget "SalmonStatsDemoUITests" */ = {
			isa = XCConfigurationList;
			buildConfigurations = (
				1059742526266D5300DA932E /* Debug */,
				1059742626266D5300DA932E /* Release */,
			);
			defaultConfigurationIsVisible = 0;
			defaultConfigurationName = Release;
		};
/* End XCConfigurationList section */

/* Begin XCRemoteSwiftPackageReference section */
		10834C542656875A00DAA7B9 /* XCRemoteSwiftPackageReference "BetterSafariView" */ = {
			isa = XCRemoteSwiftPackageReference;
			repositoryURL = "https://github.com/stleamist/BetterSafariView";
			requirement = {
				kind = upToNextMajorVersion;
				minimumVersion = 2.3.1;
			};
		};
/* End XCRemoteSwiftPackageReference section */

/* Begin XCSwiftPackageProductDependency section */
		105974552626782D00DA932E /* SalmonStats */ = {
			isa = XCSwiftPackageProductDependency;
			productName = SalmonStats;
		};
		10834C552656875A00DAA7B9 /* BetterSafariView */ = {
			isa = XCSwiftPackageProductDependency;
			package = 10834C542656875A00DAA7B9 /* XCRemoteSwiftPackageReference "BetterSafariView" */;
			productName = BetterSafariView;
		};
/* End XCSwiftPackageProductDependency section */
	};
	rootObject = 105973F126266D5100DA932E /* Project object */;
}
